
Microsoft Visual Studio Solution File, Format Version 12.00
# Visual Studio 15
VisualStudioVersion = 15.0.28010.2016
MinimumVisualStudioVersion = 10.0.40219.1
Project("{CC5FD16D-436D-48AD-A40C-5A424C6E3E79}") = "AzureService", "AzureService\AzureService.ccproj", "{28FBDB6C-D42D-4A6E-BE9F-CE3F5A0C67C8}"
EndProject
Project("{FAE04EC0-301F-11D3-BF4B-00C04F79EFBC}") = "SampleWorkerRole", "SampleWorkerRole\SampleWorkerRole.csproj", "{13109A19-E0D7-48E4-B8C8-A86F6035A49F}"
EndProject
Project("{2150E333-8FDC-42A3-9474-1A3956D46DE8}") = "Atlas", "Atlas", "{05E1EBB2-396A-4773-9BB3-9855D1948DBD}"
EndProject
Project("{2150E333-8FDC-42A3-9474-1A3956D46DE8}") = "Hosting", "Hosting", "{17B574D4-6B68-43D4-8B17-9C6C7AE30960}"
EndProject
Project("{FAE04EC0-301F-11D3-BF4B-00C04F79EFBC}") = "DataArt.Atlas.Hosting", "..\atlas\src\Hosting\DataArt.Atlas.Hosting\DataArt.Atlas.Hosting.csproj", "{51B1DAB4-F219-4E8A-A28F-9EED7075545E}"
EndProject
Project("{FAE04EC0-301F-11D3-BF4B-00C04F79EFBC}") = "DataArt.Atlas.Hosting.Azure", "..\atlas\src\Hosting\DataArt.Atlas.Hosting.Azure\DataArt.Atlas.Hosting.Azure.csproj", "{A3D863B0-DCF6-4D59-AEB3-FDB53FEB4E50}"
EndProject
Project("{2150E333-8FDC-42A3-9474-1A3956D46DE8}") = "Configuration", "Configuration", "{B9D1AB69-FE54-46D1-8C7D-420E6CAFD23F}"
EndProject
Project("{FAE04EC0-301F-11D3-BF4B-00C04F79EFBC}") = "DataArt.Atlas.Configuration", "..\atlas\src\Configuration\DataArt.Atlas.Configuration\DataArt.Atlas.Configuration.csproj", "{ED06940B-FB0A-4C07-BD1F-D2C9D7FA2E40}"
EndProject
Project("{FAE04EC0-301F-11D3-BF4B-00C04F79EFBC}") = "DataArt.Atlas.Configuration.Azure", "..\atlas\src\Configuration\DataArt.Atlas.Configuration.Azure\DataArt.Atlas.Configuration.Azure.csproj", "{196F1A0F-94E3-49C0-8F8A-E786246BC2E8}"
EndProject
Project("{2150E333-8FDC-42A3-9474-1A3956D46DE8}") = "ServiceDiscovery", "ServiceDiscovery", "{40676669-68B7-47AF-8129-4F0589F1B173}"
EndProject
Project("{FAE04EC0-301F-11D3-BF4B-00C04F79EFBC}") = "DataArt.Atlas.ServiceDiscovery", "..\atlas\src\Discovery\DataArt.Atlas.ServiceDiscovery\DataArt.Atlas.ServiceDiscovery.csproj", "{304D625F-9FFA-4757-B8D1-C747DE567461}"
EndProject
Project("{FAE04EC0-301F-11D3-BF4B-00C04F79EFBC}") = "DataArt.Atlas.CallContext", "..\atlas\src\DataArt.Atlas.CallContext\DataArt.Atlas.CallContext.csproj", "{C9FD3598-2DE6-486F-8163-4FBFF5317922}"
EndProject
Project("{FAE04EC0-301F-11D3-BF4B-00C04F79EFBC}") = "DataArt.Atlas.Infrastructure", "..\atlas\src\DataArt.Atlas.Infrastructure\DataArt.Atlas.Infrastructure.csproj", "{3DFA0A1D-90C2-4425-A68F-C81126E86D95}"
EndProject
Project("{FAE04EC0-301F-11D3-BF4B-00C04F79EFBC}") = "DataArt.Atlas.Service", "..\atlas\src\DataArt.Atlas.Service\DataArt.Atlas.Service.csproj", "{234CBA6D-1CFC-446C-B4DF-7F094C3DF321}"
EndProject
Project("{FAE04EC0-301F-11D3-BF4B-00C04F79EFBC}") = "DataArt.Atlas.WebCommunication", "..\atlas\src\DataArt.Atlas.WebCommunication\DataArt.Atlas.WebCommunication.csproj", "{7AE07585-C2B9-435B-8355-EA069AFDDEB1}"
EndProject
Project("{2150E333-8FDC-42A3-9474-1A3956D46DE8}") = "Messaging", "Messaging", "{4CA54E16-437B-4A9D-A888-0837D17542FD}"
EndProject
Project("{2150E333-8FDC-42A3-9474-1A3956D46DE8}") = "Logging", "Logging", "{745B546F-2809-44BB-A1F0-EEAD9C20FD18}"
EndProject
Project("{FAE04EC0-301F-11D3-BF4B-00C04F79EFBC}") = "DataArt.Atlas.Messaging", "..\atlas\src\Messaging\DataArt.Atlas.Messaging\DataArt.Atlas.Messaging.csproj", "{FE32FAAF-8E25-47A9-8A7D-CF34BAF424FB}"
EndProject
Project("{FAE04EC0-301F-11D3-BF4B-00C04F79EFBC}") = "DataArt.Atlas.Logging", "..\atlas\src\Logging\DataArt.Atlas.Logging\DataArt.Atlas.Logging.csproj", "{A28A2FA2-BBAB-4DDF-A935-A10E10D7AD74}"
EndProject
Project("{FAE04EC0-301F-11D3-BF4B-00C04F79EFBC}") = "DataArt.Atlas.Hosting.Console", "..\atlas\src\Hosting\DataArt.Atlas.Hosting.Console\DataArt.Atlas.Hosting.Console.csproj", "{D70EFE3F-CF68-4D56-A16E-061C6E3A8487}"
EndProject
Project("{FAE04EC0-301F-11D3-BF4B-00C04F79EFBC}") = "DataArt.Atlas.Configuration.File", "..\atlas\src\Configuration\DataArt.Atlas.Configuration.File\DataArt.Atlas.Configuration.File.csproj", "{1D989EA4-4F20-46E5-B73A-88D3D07C1029}"
EndProject
Project("{FAE04EC0-301F-11D3-BF4B-00C04F79EFBC}") = "SampleService", "SampleService\SampleService.csproj", "{E3AE4669-9927-4A70-9534-657A4ED7859F}"
EndProject
Project("{E53339B2-1760-4266-BCC7-CA923CBCF16C}") = "docker-compose", "docker-compose.dcproj", "{135221B9-3448-44DE-899E-8B4469F4D0C3}"
EndProject
Global
	GlobalSection(SolutionConfigurationPlatforms) = preSolution
		Debug|Any CPU = Debug|Any CPU
		Debug|x64 = Debug|x64
		Debug|x86 = Debug|x86
		Release|Any CPU = Release|Any CPU
		Release|x64 = Release|x64
		Release|x86 = Release|x86
	EndGlobalSection
	GlobalSection(ProjectConfigurationPlatforms) = postSolution
		{28FBDB6C-D42D-4A6E-BE9F-CE3F5A0C67C8}.Debug|Any CPU.ActiveCfg = Debug|Any CPU
		{28FBDB6C-D42D-4A6E-BE9F-CE3F5A0C67C8}.Debug|Any CPU.Build.0 = Debug|Any CPU
		{28FBDB6C-D42D-4A6E-BE9F-CE3F5A0C67C8}.Debug|x64.ActiveCfg = Debug|Any CPU
		{28FBDB6C-D42D-4A6E-BE9F-CE3F5A0C67C8}.Debug|x64.Build.0 = Debug|Any CPU
		{28FBDB6C-D42D-4A6E-BE9F-CE3F5A0C67C8}.Debug|x86.ActiveCfg = Debug|Any CPU
		{28FBDB6C-D42D-4A6E-BE9F-CE3F5A0C67C8}.Debug|x86.Build.0 = Debug|Any CPU
		{28FBDB6C-D42D-4A6E-BE9F-CE3F5A0C67C8}.Release|Any CPU.ActiveCfg = Release|Any CPU
		{28FBDB6C-D42D-4A6E-BE9F-CE3F5A0C67C8}.Release|Any CPU.Build.0 = Release|Any CPU
		{28FBDB6C-D42D-4A6E-BE9F-CE3F5A0C67C8}.Release|x64.ActiveCfg = Release|Any CPU
		{28FBDB6C-D42D-4A6E-BE9F-CE3F5A0C67C8}.Release|x64.Build.0 = Release|Any CPU
		{28FBDB6C-D42D-4A6E-BE9F-CE3F5A0C67C8}.Release|x86.ActiveCfg = Release|Any CPU
		{28FBDB6C-D42D-4A6E-BE9F-CE3F5A0C67C8}.Release|x86.Build.0 = Release|Any CPU
		{13109A19-E0D7-48E4-B8C8-A86F6035A49F}.Debug|Any CPU.ActiveCfg = Debug|Any CPU
		{13109A19-E0D7-48E4-B8C8-A86F6035A49F}.Debug|Any CPU.Build.0 = Debug|Any CPU
		{13109A19-E0D7-48E4-B8C8-A86F6035A49F}.Debug|x64.ActiveCfg = Debug|Any CPU
		{13109A19-E0D7-48E4-B8C8-A86F6035A49F}.Debug|x64.Build.0 = Debug|Any CPU
		{13109A19-E0D7-48E4-B8C8-A86F6035A49F}.Debug|x86.ActiveCfg = Debug|Any CPU
		{13109A19-E0D7-48E4-B8C8-A86F6035A49F}.Debug|x86.Build.0 = Debug|Any CPU
		{13109A19-E0D7-48E4-B8C8-A86F6035A49F}.Release|Any CPU.ActiveCfg = Release|Any CPU
		{13109A19-E0D7-48E4-B8C8-A86F6035A49F}.Release|Any CPU.Build.0 = Release|Any CPU
		{13109A19-E0D7-48E4-B8C8-A86F6035A49F}.Release|x64.ActiveCfg = Release|Any CPU
		{13109A19-E0D7-48E4-B8C8-A86F6035A49F}.Release|x64.Build.0 = Release|Any CPU
		{13109A19-E0D7-48E4-B8C8-A86F6035A49F}.Release|x86.ActiveCfg = Release|Any CPU
		{13109A19-E0D7-48E4-B8C8-A86F6035A49F}.Release|x86.Build.0 = Release|Any CPU
		{51B1DAB4-F219-4E8A-A28F-9EED7075545E}.Debug|Any CPU.ActiveCfg = Debug|Any CPU
		{51B1DAB4-F219-4E8A-A28F-9EED7075545E}.Debug|Any CPU.Build.0 = Debug|Any CPU
		{51B1DAB4-F219-4E8A-A28F-9EED7075545E}.Debug|x64.ActiveCfg = Debug|x64
		{51B1DAB4-F219-4E8A-A28F-9EED7075545E}.Debug|x64.Build.0 = Debug|x64
		{51B1DAB4-F219-4E8A-A28F-9EED7075545E}.Debug|x86.ActiveCfg = Debug|x86
		{51B1DAB4-F219-4E8A-A28F-9EED7075545E}.Debug|x86.Build.0 = Debug|x86
		{51B1DAB4-F219-4E8A-A28F-9EED7075545E}.Release|Any CPU.ActiveCfg = Release|Any CPU
		{51B1DAB4-F219-4E8A-A28F-9EED7075545E}.Release|Any CPU.Build.0 = Release|Any CPU
		{51B1DAB4-F219-4E8A-A28F-9EED7075545E}.Release|x64.ActiveCfg = Release|x64
		{51B1DAB4-F219-4E8A-A28F-9EED7075545E}.Release|x64.Build.0 = Release|x64
		{51B1DAB4-F219-4E8A-A28F-9EED7075545E}.Release|x86.ActiveCfg = Release|x86
		{51B1DAB4-F219-4E8A-A28F-9EED7075545E}.Release|x86.Build.0 = Release|x86
		{A3D863B0-DCF6-4D59-AEB3-FDB53FEB4E50}.Debug|Any CPU.ActiveCfg = Debug|Any CPU
		{A3D863B0-DCF6-4D59-AEB3-FDB53FEB4E50}.Debug|Any CPU.Build.0 = Debug|Any CPU
		{A3D863B0-DCF6-4D59-AEB3-FDB53FEB4E50}.Debug|x64.ActiveCfg = Debug|x64
		{A3D863B0-DCF6-4D59-AEB3-FDB53FEB4E50}.Debug|x64.Build.0 = Debug|x64
		{A3D863B0-DCF6-4D59-AEB3-FDB53FEB4E50}.Debug|x86.ActiveCfg = Debug|x86
		{A3D863B0-DCF6-4D59-AEB3-FDB53FEB4E50}.Debug|x86.Build.0 = Debug|x86
		{A3D863B0-DCF6-4D59-AEB3-FDB53FEB4E50}.Release|Any CPU.ActiveCfg = Release|Any CPU
		{A3D863B0-DCF6-4D59-AEB3-FDB53FEB4E50}.Release|Any CPU.Build.0 = Release|Any CPU
		{A3D863B0-DCF6-4D59-AEB3-FDB53FEB4E50}.Release|x64.ActiveCfg = Release|x64
		{A3D863B0-DCF6-4D59-AEB3-FDB53FEB4E50}.Release|x64.Build.0 = Release|x64
		{A3D863B0-DCF6-4D59-AEB3-FDB53FEB4E50}.Release|x86.ActiveCfg = Release|x86
		{A3D863B0-DCF6-4D59-AEB3-FDB53FEB4E50}.Release|x86.Build.0 = Release|x86
		{ED06940B-FB0A-4C07-BD1F-D2C9D7FA2E40}.Debug|Any CPU.ActiveCfg = Debug|Any CPU
		{ED06940B-FB0A-4C07-BD1F-D2C9D7FA2E40}.Debug|Any CPU.Build.0 = Debug|Any CPU
		{ED06940B-FB0A-4C07-BD1F-D2C9D7FA2E40}.Debug|x64.ActiveCfg = Debug|x64
		{ED06940B-FB0A-4C07-BD1F-D2C9D7FA2E40}.Debug|x64.Build.0 = Debug|x64
		{ED06940B-FB0A-4C07-BD1F-D2C9D7FA2E40}.Debug|x86.ActiveCfg = Debug|x86
		{ED06940B-FB0A-4C07-BD1F-D2C9D7FA2E40}.Debug|x86.Build.0 = Debug|x86
		{ED06940B-FB0A-4C07-BD1F-D2C9D7FA2E40}.Release|Any CPU.ActiveCfg = Release|Any CPU
		{ED06940B-FB0A-4C07-BD1F-D2C9D7FA2E40}.Release|Any CPU.Build.0 = Release|Any CPU
		{ED06940B-FB0A-4C07-BD1F-D2C9D7FA2E40}.Release|x64.ActiveCfg = Release|x64
		{ED06940B-FB0A-4C07-BD1F-D2C9D7FA2E40}.Release|x64.Build.0 = Release|x64
		{ED06940B-FB0A-4C07-BD1F-D2C9D7FA2E40}.Release|x86.ActiveCfg = Release|x86
		{ED06940B-FB0A-4C07-BD1F-D2C9D7FA2E40}.Release|x86.Build.0 = Release|x86
		{196F1A0F-94E3-49C0-8F8A-E786246BC2E8}.Debug|Any CPU.ActiveCfg = Debug|Any CPU
		{196F1A0F-94E3-49C0-8F8A-E786246BC2E8}.Debug|Any CPU.Build.0 = Debug|Any CPU
		{196F1A0F-94E3-49C0-8F8A-E786246BC2E8}.Debug|x64.ActiveCfg = Debug|x64
		{196F1A0F-94E3-49C0-8F8A-E786246BC2E8}.Debug|x64.Build.0 = Debug|x64
		{196F1A0F-94E3-49C0-8F8A-E786246BC2E8}.Debug|x86.ActiveCfg = Debug|x86
		{196F1A0F-94E3-49C0-8F8A-E786246BC2E8}.Debug|x86.Build.0 = Debug|x86
		{196F1A0F-94E3-49C0-8F8A-E786246BC2E8}.Release|Any CPU.ActiveCfg = Release|Any CPU
		{196F1A0F-94E3-49C0-8F8A-E786246BC2E8}.Release|Any CPU.Build.0 = Release|Any CPU
		{196F1A0F-94E3-49C0-8F8A-E786246BC2E8}.Release|x64.ActiveCfg = Release|x64
		{196F1A0F-94E3-49C0-8F8A-E786246BC2E8}.Release|x64.Build.0 = Release|x64
		{196F1A0F-94E3-49C0-8F8A-E786246BC2E8}.Release|x86.ActiveCfg = Release|x86
		{196F1A0F-94E3-49C0-8F8A-E786246BC2E8}.Release|x86.Build.0 = Release|x86
		{304D625F-9FFA-4757-B8D1-C747DE567461}.Debug|Any CPU.ActiveCfg = Debug|Any CPU
		{304D625F-9FFA-4757-B8D1-C747DE567461}.Debug|Any CPU.Build.0 = Debug|Any CPU
		{304D625F-9FFA-4757-B8D1-C747DE567461}.Debug|x64.ActiveCfg = Debug|x64
		{304D625F-9FFA-4757-B8D1-C747DE567461}.Debug|x64.Build.0 = Debug|x64
		{304D625F-9FFA-4757-B8D1-C747DE567461}.Debug|x86.ActiveCfg = Debug|x86
		{304D625F-9FFA-4757-B8D1-C747DE567461}.Debug|x86.Build.0 = Debug|x86
		{304D625F-9FFA-4757-B8D1-C747DE567461}.Release|Any CPU.ActiveCfg = Release|Any CPU
		{304D625F-9FFA-4757-B8D1-C747DE567461}.Release|Any CPU.Build.0 = Release|Any CPU
		{304D625F-9FFA-4757-B8D1-C747DE567461}.Release|x64.ActiveCfg = Release|x64
		{304D625F-9FFA-4757-B8D1-C747DE567461}.Release|x64.Build.0 = Release|x64
		{304D625F-9FFA-4757-B8D1-C747DE567461}.Release|x86.ActiveCfg = Release|x86
		{304D625F-9FFA-4757-B8D1-C747DE567461}.Release|x86.Build.0 = Release|x86
		{C9FD3598-2DE6-486F-8163-4FBFF5317922}.Debug|Any CPU.ActiveCfg = Debug|Any CPU
		{C9FD3598-2DE6-486F-8163-4FBFF5317922}.Debug|Any CPU.Build.0 = Debug|Any CPU
		{C9FD3598-2DE6-486F-8163-4FBFF5317922}.Debug|x64.ActiveCfg = Debug|x64
		{C9FD3598-2DE6-486F-8163-4FBFF5317922}.Debug|x64.Build.0 = Debug|x64
		{C9FD3598-2DE6-486F-8163-4FBFF5317922}.Debug|x86.ActiveCfg = Debug|x86
		{C9FD3598-2DE6-486F-8163-4FBFF5317922}.Debug|x86.Build.0 = Debug|x86
		{C9FD3598-2DE6-486F-8163-4FBFF5317922}.Release|Any CPU.ActiveCfg = Release|Any CPU
		{C9FD3598-2DE6-486F-8163-4FBFF5317922}.Release|Any CPU.Build.0 = Release|Any CPU
		{C9FD3598-2DE6-486F-8163-4FBFF5317922}.Release|x64.ActiveCfg = Release|x64
		{C9FD3598-2DE6-486F-8163-4FBFF5317922}.Release|x64.Build.0 = Release|x64
		{C9FD3598-2DE6-486F-8163-4FBFF5317922}.Release|x86.ActiveCfg = Release|x86
		{C9FD3598-2DE6-486F-8163-4FBFF5317922}.Release|x86.Build.0 = Release|x86
		{3DFA0A1D-90C2-4425-A68F-C81126E86D95}.Debug|Any CPU.ActiveCfg = Debug|Any CPU
		{3DFA0A1D-90C2-4425-A68F-C81126E86D95}.Debug|Any CPU.Build.0 = Debug|Any CPU
		{3DFA0A1D-90C2-4425-A68F-C81126E86D95}.Debug|x64.ActiveCfg = Debug|x64
		{3DFA0A1D-90C2-4425-A68F-C81126E86D95}.Debug|x64.Build.0 = Debug|x64
		{3DFA0A1D-90C2-4425-A68F-C81126E86D95}.Debug|x86.ActiveCfg = Debug|x86
		{3DFA0A1D-90C2-4425-A68F-C81126E86D95}.Debug|x86.Build.0 = Debug|x86
		{3DFA0A1D-90C2-4425-A68F-C81126E86D95}.Release|Any CPU.ActiveCfg = Release|Any CPU
		{3DFA0A1D-90C2-4425-A68F-C81126E86D95}.Release|Any CPU.Build.0 = Release|Any CPU
		{3DFA0A1D-90C2-4425-A68F-C81126E86D95}.Release|x64.ActiveCfg = Release|x64
		{3DFA0A1D-90C2-4425-A68F-C81126E86D95}.Release|x64.Build.0 = Release|x64
		{3DFA0A1D-90C2-4425-A68F-C81126E86D95}.Release|x86.ActiveCfg = Release|x86
		{3DFA0A1D-90C2-4425-A68F-C81126E86D95}.Release|x86.Build.0 = Release|x86
		{234CBA6D-1CFC-446C-B4DF-7F094C3DF321}.Debug|Any CPU.ActiveCfg = Debug|Any CPU
		{234CBA6D-1CFC-446C-B4DF-7F094C3DF321}.Debug|Any CPU.Build.0 = Debug|Any CPU
		{234CBA6D-1CFC-446C-B4DF-7F094C3DF321}.Debug|x64.ActiveCfg = Debug|x64
		{234CBA6D-1CFC-446C-B4DF-7F094C3DF321}.Debug|x64.Build.0 = Debug|x64
		{234CBA6D-1CFC-446C-B4DF-7F094C3DF321}.Debug|x86.ActiveCfg = Debug|x86
		{234CBA6D-1CFC-446C-B4DF-7F094C3DF321}.Debug|x86.Build.0 = Debug|x86
		{234CBA6D-1CFC-446C-B4DF-7F094C3DF321}.Release|Any CPU.ActiveCfg = Release|Any CPU
		{234CBA6D-1CFC-446C-B4DF-7F094C3DF321}.Release|Any CPU.Build.0 = Release|Any CPU
		{234CBA6D-1CFC-446C-B4DF-7F094C3DF321}.Release|x64.ActiveCfg = Release|x64
		{234CBA6D-1CFC-446C-B4DF-7F094C3DF321}.Release|x64.Build.0 = Release|x64
		{234CBA6D-1CFC-446C-B4DF-7F094C3DF321}.Release|x86.ActiveCfg = Release|x86
		{234CBA6D-1CFC-446C-B4DF-7F094C3DF321}.Release|x86.Build.0 = Release|x86
		{7AE07585-C2B9-435B-8355-EA069AFDDEB1}.Debug|Any CPU.ActiveCfg = Debug|Any CPU
		{7AE07585-C2B9-435B-8355-EA069AFDDEB1}.Debug|Any CPU.Build.0 = Debug|Any CPU
		{7AE07585-C2B9-435B-8355-EA069AFDDEB1}.Debug|x64.ActiveCfg = Debug|x64
		{7AE07585-C2B9-435B-8355-EA069AFDDEB1}.Debug|x64.Build.0 = Debug|x64
		{7AE07585-C2B9-435B-8355-EA069AFDDEB1}.Debug|x86.ActiveCfg = Debug|x86
		{7AE07585-C2B9-435B-8355-EA069AFDDEB1}.Debug|x86.Build.0 = Debug|x86
		{7AE07585-C2B9-435B-8355-EA069AFDDEB1}.Release|Any CPU.ActiveCfg = Release|Any CPU
		{7AE07585-C2B9-435B-8355-EA069AFDDEB1}.Release|Any CPU.Build.0 = Release|Any CPU
		{7AE07585-C2B9-435B-8355-EA069AFDDEB1}.Release|x64.ActiveCfg = Release|x64
		{7AE07585-C2B9-435B-8355-EA069AFDDEB1}.Release|x64.Build.0 = Release|x64
		{7AE07585-C2B9-435B-8355-EA069AFDDEB1}.Release|x86.ActiveCfg = Release|x86
		{7AE07585-C2B9-435B-8355-EA069AFDDEB1}.Release|x86.Build.0 = Release|x86
		{FE32FAAF-8E25-47A9-8A7D-CF34BAF424FB}.Debug|Any CPU.ActiveCfg = Debug|Any CPU
		{FE32FAAF-8E25-47A9-8A7D-CF34BAF424FB}.Debug|Any CPU.Build.0 = Debug|Any CPU
		{FE32FAAF-8E25-47A9-8A7D-CF34BAF424FB}.Debug|x64.ActiveCfg = Debug|x64
		{FE32FAAF-8E25-47A9-8A7D-CF34BAF424FB}.Debug|x64.Build.0 = Debug|x64
		{FE32FAAF-8E25-47A9-8A7D-CF34BAF424FB}.Debug|x86.ActiveCfg = Debug|x86
		{FE32FAAF-8E25-47A9-8A7D-CF34BAF424FB}.Debug|x86.Build.0 = Debug|x86
		{FE32FAAF-8E25-47A9-8A7D-CF34BAF424FB}.Release|Any CPU.ActiveCfg = Release|Any CPU
		{FE32FAAF-8E25-47A9-8A7D-CF34BAF424FB}.Release|Any CPU.Build.0 = Release|Any CPU
		{FE32FAAF-8E25-47A9-8A7D-CF34BAF424FB}.Release|x64.ActiveCfg = Release|x64
		{FE32FAAF-8E25-47A9-8A7D-CF34BAF424FB}.Release|x64.Build.0 = Release|x64
		{FE32FAAF-8E25-47A9-8A7D-CF34BAF424FB}.Release|x86.ActiveCfg = Release|x86
		{FE32FAAF-8E25-47A9-8A7D-CF34BAF424FB}.Release|x86.Build.0 = Release|x86
		{A28A2FA2-BBAB-4DDF-A935-A10E10D7AD74}.Debug|Any CPU.ActiveCfg = Debug|Any CPU
		{A28A2FA2-BBAB-4DDF-A935-A10E10D7AD74}.Debug|Any CPU.Build.0 = Debug|Any CPU
		{A28A2FA2-BBAB-4DDF-A935-A10E10D7AD74}.Debug|x64.ActiveCfg = Debug|x64
		{A28A2FA2-BBAB-4DDF-A935-A10E10D7AD74}.Debug|x64.Build.0 = Debug|x64
		{A28A2FA2-BBAB-4DDF-A935-A10E10D7AD74}.Debug|x86.ActiveCfg = Debug|x86
		{A28A2FA2-BBAB-4DDF-A935-A10E10D7AD74}.Debug|x86.Build.0 = Debug|x86
		{A28A2FA2-BBAB-4DDF-A935-A10E10D7AD74}.Release|Any CPU.ActiveCfg = Release|Any CPU
		{A28A2FA2-BBAB-4DDF-A935-A10E10D7AD74}.Release|Any CPU.Build.0 = Release|Any CPU
		{A28A2FA2-BBAB-4DDF-A935-A10E10D7AD74}.Release|x64.ActiveCfg = Release|x64
		{A28A2FA2-BBAB-4DDF-A935-A10E10D7AD74}.Release|x64.Build.0 = Release|x64
		{A28A2FA2-BBAB-4DDF-A935-A10E10D7AD74}.Release|x86.ActiveCfg = Release|x86
		{A28A2FA2-BBAB-4DDF-A935-A10E10D7AD74}.Release|x86.Build.0 = Release|x86
		{D70EFE3F-CF68-4D56-A16E-061C6E3A8487}.Debug|Any CPU.ActiveCfg = Debug|Any CPU
		{D70EFE3F-CF68-4D56-A16E-061C6E3A8487}.Debug|Any CPU.Build.0 = Debug|Any CPU
		{D70EFE3F-CF68-4D56-A16E-061C6E3A8487}.Debug|x64.ActiveCfg = Debug|x64
		{D70EFE3F-CF68-4D56-A16E-061C6E3A8487}.Debug|x64.Build.0 = Debug|x64
		{D70EFE3F-CF68-4D56-A16E-061C6E3A8487}.Debug|x86.ActiveCfg = Debug|x86
		{D70EFE3F-CF68-4D56-A16E-061C6E3A8487}.Debug|x86.Build.0 = Debug|x86
		{D70EFE3F-CF68-4D56-A16E-061C6E3A8487}.Release|Any CPU.ActiveCfg = Release|Any CPU
		{D70EFE3F-CF68-4D56-A16E-061C6E3A8487}.Release|Any CPU.Build.0 = Release|Any CPU
		{D70EFE3F-CF68-4D56-A16E-061C6E3A8487}.Release|x64.ActiveCfg = Release|x64
		{D70EFE3F-CF68-4D56-A16E-061C6E3A8487}.Release|x64.Build.0 = Release|x64
		{D70EFE3F-CF68-4D56-A16E-061C6E3A8487}.Release|x86.ActiveCfg = Release|x86
		{D70EFE3F-CF68-4D56-A16E-061C6E3A8487}.Release|x86.Build.0 = Release|x86
		{1D989EA4-4F20-46E5-B73A-88D3D07C1029}.Debug|Any CPU.ActiveCfg = Debug|Any CPU
		{1D989EA4-4F20-46E5-B73A-88D3D07C1029}.Debug|Any CPU.Build.0 = Debug|Any CPU
		{1D989EA4-4F20-46E5-B73A-88D3D07C1029}.Debug|x64.ActiveCfg = Debug|x64
		{1D989EA4-4F20-46E5-B73A-88D3D07C1029}.Debug|x64.Build.0 = Debug|x64
		{1D989EA4-4F20-46E5-B73A-88D3D07C1029}.Debug|x86.ActiveCfg = Debug|x86
		{1D989EA4-4F20-46E5-B73A-88D3D07C1029}.Debug|x86.Build.0 = Debug|x86
		{1D989EA4-4F20-46E5-B73A-88D3D07C1029}.Release|Any CPU.ActiveCfg = Release|Any CPU
		{1D989EA4-4F20-46E5-B73A-88D3D07C1029}.Release|Any CPU.Build.0 = Release|Any CPU
		{1D989EA4-4F20-46E5-B73A-88D3D07C1029}.Release|x64.ActiveCfg = Release|x64
		{1D989EA4-4F20-46E5-B73A-88D3D07C1029}.Release|x64.Build.0 = Release|x64
		{1D989EA4-4F20-46E5-B73A-88D3D07C1029}.Release|x86.ActiveCfg = Release|x86
		{1D989EA4-4F20-46E5-B73A-88D3D07C1029}.Release|x86.Build.0 = Release|x86
		{E3AE4669-9927-4A70-9534-657A4ED7859F}.Debug|Any CPU.ActiveCfg = Debug|Any CPU
		{E3AE4669-9927-4A70-9534-657A4ED7859F}.Debug|Any CPU.Build.0 = Debug|Any CPU
		{E3AE4669-9927-4A70-9534-657A4ED7859F}.Debug|x64.ActiveCfg = Debug|Any CPU
		{E3AE4669-9927-4A70-9534-657A4ED7859F}.Debug|x64.Build.0 = Debug|Any CPU
		{E3AE4669-9927-4A70-9534-657A4ED7859F}.Debug|x86.ActiveCfg = Debug|Any CPU
		{E3AE4669-9927-4A70-9534-657A4ED7859F}.Debug|x86.Build.0 = Debug|Any CPU
		{E3AE4669-9927-4A70-9534-657A4ED7859F}.Release|Any CPU.ActiveCfg = Release|Any CPU
		{E3AE4669-9927-4A70-9534-657A4ED7859F}.Release|Any CPU.Build.0 = Release|Any CPU
		{E3AE4669-9927-4A70-9534-657A4ED7859F}.Release|x64.ActiveCfg = Release|Any CPU
		{E3AE4669-9927-4A70-9534-657A4ED7859F}.Release|x64.Build.0 = Release|Any CPU
		{E3AE4669-9927-4A70-9534-657A4ED7859F}.Release|x86.ActiveCfg = Release|Any CPU
		{E3AE4669-9927-4A70-9534-657A4ED7859F}.Release|x86.Build.0 = Release|Any CPU
		{135221B9-3448-44DE-899E-8B4469F4D0C3}.Debug|Any CPU.ActiveCfg = Debug|Any CPU
		{135221B9-3448-44DE-899E-8B4469F4D0C3}.Debug|Any CPU.Build.0 = Debug|Any CPU
		{135221B9-3448-44DE-899E-8B4469F4D0C3}.Debug|x64.ActiveCfg = Debug|Any CPU
		{135221B9-3448-44DE-899E-8B4469F4D0C3}.Debug|x64.Build.0 = Debug|Any CPU
		{135221B9-3448-44DE-899E-8B4469F4D0C3}.Debug|x86.ActiveCfg = Debug|Any CPU
		{135221B9-3448-44DE-899E-8B4469F4D0C3}.Debug|x86.Build.0 = Debug|Any CPU
		{135221B9-3448-44DE-899E-8B4469F4D0C3}.Release|Any CPU.ActiveCfg = Release|Any CPU
		{135221B9-3448-44DE-899E-8B4469F4D0C3}.Release|Any CPU.Build.0 = Release|Any CPU
		{135221B9-3448-44DE-899E-8B4469F4D0C3}.Release|x64.ActiveCfg = Release|Any CPU
		{135221B9-3448-44DE-899E-8B4469F4D0C3}.Release|x64.Build.0 = Release|Any CPU
		{135221B9-3448-44DE-899E-8B4469F4D0C3}.Release|x86.ActiveCfg = Release|Any CPU
		{135221B9-3448-44DE-899E-8B4469F4D0C3}.Release|x86.Build.0 = Release|Any CPU
	EndGlobalSection
	GlobalSection(SolutionProperties) = preSolution
		HideSolutionNode = FALSE
	EndGlobalSection
	GlobalSection(NestedProjects) = preSolution
		{17B574D4-6B68-43D4-8B17-9C6C7AE30960} = {05E1EBB2-396A-4773-9BB3-9855D1948DBD}
		{51B1DAB4-F219-4E8A-A28F-9EED7075545E} = {17B574D4-6B68-43D4-8B17-9C6C7AE30960}
		{A3D863B0-DCF6-4D59-AEB3-FDB53FEB4E50} = {17B574D4-6B68-43D4-8B17-9C6C7AE30960}
		{B9D1AB69-FE54-46D1-8C7D-420E6CAFD23F} = {05E1EBB2-396A-4773-9BB3-9855D1948DBD}
		{ED06940B-FB0A-4C07-BD1F-D2C9D7FA2E40} = {B9D1AB69-FE54-46D1-8C7D-420E6CAFD23F}
		{196F1A0F-94E3-49C0-8F8A-E786246BC2E8} = {B9D1AB69-FE54-46D1-8C7D-420E6CAFD23F}
		{40676669-68B7-47AF-8129-4F0589F1B173} = {05E1EBB2-396A-4773-9BB3-9855D1948DBD}
		{304D625F-9FFA-4757-B8D1-C747DE567461} = {40676669-68B7-47AF-8129-4F0589F1B173}
		{C9FD3598-2DE6-486F-8163-4FBFF5317922} = {05E1EBB2-396A-4773-9BB3-9855D1948DBD}
		{3DFA0A1D-90C2-4425-A68F-C81126E86D95} = {05E1EBB2-396A-4773-9BB3-9855D1948DBD}
		{234CBA6D-1CFC-446C-B4DF-7F094C3DF321} = {05E1EBB2-396A-4773-9BB3-9855D1948DBD}
		{7AE07585-C2B9-435B-8355-EA069AFDDEB1} = {05E1EBB2-396A-4773-9BB3-9855D1948DBD}
		{4CA54E16-437B-4A9D-A888-0837D17542FD} = {05E1EBB2-396A-4773-9BB3-9855D1948DBD}
		{745B546F-2809-44BB-A1F0-EEAD9C20FD18} = {05E1EBB2-396A-4773-9BB3-9855D1948DBD}
		{FE32FAAF-8E25-47A9-8A7D-CF34BAF424FB} = {4CA54E16-437B-4A9D-A888-0837D17542FD}
		{A28A2FA2-BBAB-4DDF-A935-A10E10D7AD74} = {745B546F-2809-44BB-A1F0-EEAD9C20FD18}
		{D70EFE3F-CF68-4D56-A16E-061C6E3A8487} = {17B574D4-6B68-43D4-8B17-9C6C7AE30960}
		{1D989EA4-4F20-46E5-B73A-88D3D07C1029} = {B9D1AB69-FE54-46D1-8C7D-420E6CAFD23F}
	EndGlobalSection
	GlobalSection(ExtensibilityGlobals) = postSolution
		SolutionGuid = {4B1A1DC0-F40C-41D4-B6F1-D5BD16AF7180}
	EndGlobalSection
EndGlobal
