
Microsoft Visual Studio Solution File, Format Version 12.00
# Visual Studio 14
VisualStudioVersion = 14.0.25420.1
MinimumVisualStudioVersion = 10.0.40219.1
Project("{2150E333-8FDC-42A3-9474-1A3956D46DE8}") = "Configuration", "Configuration", "{044EAEC9-56BB-478A-9EE4-3BE42CED3F00}"
EndProject
Project("{2150E333-8FDC-42A3-9474-1A3956D46DE8}") = "Discovery", "Discovery", "{95A85529-F645-4CA9-A6EB-8A4BFF4BEC51}"
EndProject
Project("{2150E333-8FDC-42A3-9474-1A3956D46DE8}") = "Hosting", "Hosting", "{28BE13EC-EF25-4F73-A625-8AE7FB1F0473}"
EndProject
Project("{FAE04EC0-301F-11D3-BF4B-00C04F79EFBC}") = "DataArt.Atlas.Configuration", "Configuration\DataArt.Atlas.Configuration\DataArt.Atlas.Configuration.csproj", "{ED06940B-FB0A-4C07-BD1F-D2C9D7FA2E40}"
EndProject
Project("{FAE04EC0-301F-11D3-BF4B-00C04F79EFBC}") = "DataArt.Atlas.Configuration.Azure", "Configuration\DataArt.Atlas.Configuration.Azure\DataArt.Atlas.Configuration.Azure.csproj", "{196F1A0F-94E3-49C0-8F8A-E786246BC2E8}"
EndProject
Project("{FAE04EC0-301F-11D3-BF4B-00C04F79EFBC}") = "DataArt.Atlas.Configuration.Fabric", "Configuration\DataArt.Atlas.Configuration.Fabric\DataArt.Atlas.Configuration.Fabric.csproj", "{FD3409C2-BB56-468C-9621-A46568596629}"
EndProject
Project("{FAE04EC0-301F-11D3-BF4B-00C04F79EFBC}") = "DataArt.Atlas.Configuration.File", "Configuration\DataArt.Atlas.Configuration.File\DataArt.Atlas.Configuration.File.csproj", "{1D989EA4-4F20-46E5-B73A-88D3D07C1029}"
EndProject
Project("{FAE04EC0-301F-11D3-BF4B-00C04F79EFBC}") = "DataArt.Atlas.ServiceDiscovery", "Discovery\DataArt.Atlas.ServiceDiscovery\DataArt.Atlas.ServiceDiscovery.csproj", "{304D625F-9FFA-4757-B8D1-C747DE567461}"
EndProject
Project("{FAE04EC0-301F-11D3-BF4B-00C04F79EFBC}") = "DataArt.Atlas.ServiceDiscovery.Fabric", "Discovery\DataArt.Atlas.ServiceDiscovery.Fabric\DataArt.Atlas.ServiceDiscovery.Fabric.csproj", "{71FB4487-EB1E-4D4C-9683-5D89B4337703}"
EndProject
Project("{FAE04EC0-301F-11D3-BF4B-00C04F79EFBC}") = "DataArt.Atlas.ServiceDiscovery.File", "Discovery\DataArt.Atlas.ServiceDiscovery.File\DataArt.Atlas.ServiceDiscovery.File.csproj", "{53BD7406-0C46-45CB-8DE7-0C1BB37C666A}"
EndProject
Project("{FAE04EC0-301F-11D3-BF4B-00C04F79EFBC}") = "DataArt.Atlas.Hosting", "Hosting\DataArt.Atlas.Hosting\DataArt.Atlas.Hosting.csproj", "{51B1DAB4-F219-4E8A-A28F-9EED7075545E}"
EndProject
Project("{FAE04EC0-301F-11D3-BF4B-00C04F79EFBC}") = "DataArt.Atlas.Hosting.Azure", "Hosting\DataArt.Atlas.Hosting.Azure\DataArt.Atlas.Hosting.Azure.csproj", "{A3D863B0-DCF6-4D59-AEB3-FDB53FEB4E50}"
EndProject
Project("{FAE04EC0-301F-11D3-BF4B-00C04F79EFBC}") = "DataArt.Atlas.Hosting.Console", "Hosting\DataArt.Atlas.Hosting.Console\DataArt.Atlas.Hosting.Console.csproj", "{D70EFE3F-CF68-4D56-A16E-061C6E3A8487}"
EndProject
Project("{FAE04EC0-301F-11D3-BF4B-00C04F79EFBC}") = "DataArt.Atlas.Hosting.Fabric", "Hosting\DataArt.Atlas.Hosting.Fabric\DataArt.Atlas.Hosting.Fabric.csproj", "{874D5C53-C25F-445A-867C-D0E7917E2947}"
EndProject
Project("{FAE04EC0-301F-11D3-BF4B-00C04F79EFBC}") = "DataArt.Atlas.DataAccess", "DataArt.Atlas.DataAccess\DataArt.Atlas.DataAccess.csproj", "{5898D7A9-5404-4400-99B6-196A81FB67E7}"
EndProject
Project("{FAE04EC0-301F-11D3-BF4B-00C04F79EFBC}") = "DataArt.Atlas.FileStorage", "DataArt.Atlas.FileStorage\DataArt.Atlas.FileStorage.csproj", "{D4B6570C-AE5B-407A-9451-DF3BC05DB285}"
EndProject
Project("{FAE04EC0-301F-11D3-BF4B-00C04F79EFBC}") = "DataArt.Atlas.Infrastructure", "DataArt.Atlas.Infrastructure\DataArt.Atlas.Infrastructure.csproj", "{3DFA0A1D-90C2-4425-A68F-C81126E86D95}"
EndProject
Project("{FAE04EC0-301F-11D3-BF4B-00C04F79EFBC}") = "DataArt.Atlas.Messaging.MassTransit", "Messaging\DataArt.Atlas.Messaging.MassTransit\DataArt.Atlas.Messaging.MassTransit.csproj", "{C1278F4B-64A1-4F5B-9C26-E116C15C7AB4}"
EndProject
Project("{FAE04EC0-301F-11D3-BF4B-00C04F79EFBC}") = "DataArt.Atlas.Reporting", "DataArt.Atlas.Reporting\DataArt.Atlas.Reporting.csproj", "{E269B9E0-F50E-4252-87B6-0488DC29E835}"
EndProject
Project("{FAE04EC0-301F-11D3-BF4B-00C04F79EFBC}") = "DataArt.Atlas.Service", "DataArt.Atlas.Service\DataArt.Atlas.Service.csproj", "{234CBA6D-1CFC-446C-B4DF-7F094C3DF321}"
EndProject
Project("{FAE04EC0-301F-11D3-BF4B-00C04F79EFBC}") = "DataArt.Atlas.Service.Scheduler", "DataArt.Atlas.Service.Scheduler\DataArt.Atlas.Service.Scheduler.csproj", "{122D5A61-A56B-4B9C-9BA5-FA6CEBA277D2}"
EndProject
Project("{FAE04EC0-301F-11D3-BF4B-00C04F79EFBC}") = "DataArt.Atlas.Service.Scheduler.Sdk", "DataArt.Atlas.Service.Scheduler.Sdk\DataArt.Atlas.Service.Scheduler.Sdk.csproj", "{556C9676-4B8A-4ACD-B114-5B1C75C8F0A5}"
EndProject
Project("{FAE04EC0-301F-11D3-BF4B-00C04F79EFBC}") = "DataArt.Atlas.WebCommunication", "DataArt.Atlas.WebCommunication\DataArt.Atlas.WebCommunication.csproj", "{7AE07585-C2B9-435B-8355-EA069AFDDEB1}"
EndProject
Project("{2150E333-8FDC-42A3-9474-1A3956D46DE8}") = "Messaging", "Messaging", "{AD88D4F3-F473-4C19-8928-AD0566EB1516}"
EndProject
Project("{FAE04EC0-301F-11D3-BF4B-00C04F79EFBC}") = "DataArt.Atlas.Messaging.RabbitMQ", "Messaging\DataArt.Atlas.Messaging.RabbitMQ\DataArt.Atlas.Messaging.RabbitMQ.csproj", "{D78A76F4-55B2-4146-B1A6-2D84CB7ED7F1}"
EndProject
Project("{FAE04EC0-301F-11D3-BF4B-00C04F79EFBC}") = "DataArt.Atlas.Messaging", "Messaging\DataArt.Atlas.Messaging\DataArt.Atlas.Messaging.csproj", "{FE32FAAF-8E25-47A9-8A7D-CF34BAF424FB}"
EndProject
Project("{FAE04EC0-301F-11D3-BF4B-00C04F79EFBC}") = "DataArt.Atlas.Messaging.AzureServiceBus", "Messaging\DataArt.Atlas.Messaging.AzureServiceBus\DataArt.Atlas.Messaging.AzureServiceBus.csproj", "{87BCC928-2E60-40DD-B78A-14C0226E68A6}"
EndProject
Project("{FAE04EC0-301F-11D3-BF4B-00C04F79EFBC}") = "DataArt.Atlas.Tests.Common", "DataArt.Atlas.Tests.Common\DataArt.Atlas.Tests.Common.csproj", "{6880253E-9C1C-40CC-AC30-DC052C283588}"
EndProject
Project("{FAE04EC0-301F-11D3-BF4B-00C04F79EFBC}") = "DataArt.Atlas.CallContext", "DataArt.Atlas.CallContext\DataArt.Atlas.CallContext.csproj", "{C9FD3598-2DE6-486F-8163-4FBFF5317922}"
EndProject
Project("{2150E333-8FDC-42A3-9474-1A3956D46DE8}") = "Logging", "Logging", "{83F82D96-9FBC-4152-BF68-6A51524E0D05}"
EndProject
Project("{FAE04EC0-301F-11D3-BF4B-00C04F79EFBC}") = "DataArt.Atlas.Logging", "Logging\DataArt.Atlas.Logging\DataArt.Atlas.Logging.csproj", "{A28A2FA2-BBAB-4DDF-A935-A10E10D7AD74}"
EndProject
Project("{FAE04EC0-301F-11D3-BF4B-00C04F79EFBC}") = "DataArt.Atlas.Logging.AppInsights", "Logging\DataArt.Atlas.Logging.AppInsights\DataArt.Atlas.Logging.AppInsights.csproj", "{9E3C5847-1A8D-4711-A122-7DD6D7FB29EA}"
EndProject
Global
	GlobalSection(SolutionConfigurationPlatforms) = preSolution
		Debug|Any CPU = Debug|Any CPU
		Debug|x64 = Debug|x64
		Debug|x86 = Debug|x86
		Release|Any CPU = Release|Any CPU
		Release|x64 = Release|x64
		Release|x86 = Release|x86
	EndGlobalSection
	GlobalSection(ProjectConfigurationPlatforms) = postSolution
		{ED06940B-FB0A-4C07-BD1F-D2C9D7FA2E40}.Debug|Any CPU.ActiveCfg = Debug|Any CPU
		{ED06940B-FB0A-4C07-BD1F-D2C9D7FA2E40}.Debug|Any CPU.Build.0 = Debug|Any CPU
		{ED06940B-FB0A-4C07-BD1F-D2C9D7FA2E40}.Debug|x64.ActiveCfg = Debug|x64
		{ED06940B-FB0A-4C07-BD1F-D2C9D7FA2E40}.Debug|x64.Build.0 = Debug|x64
		{ED06940B-FB0A-4C07-BD1F-D2C9D7FA2E40}.Debug|x86.ActiveCfg = Debug|x86
		{ED06940B-FB0A-4C07-BD1F-D2C9D7FA2E40}.Debug|x86.Build.0 = Debug|x86
		{ED06940B-FB0A-4C07-BD1F-D2C9D7FA2E40}.Release|Any CPU.ActiveCfg = Release|Any CPU
		{ED06940B-FB0A-4C07-BD1F-D2C9D7FA2E40}.Release|Any CPU.Build.0 = Release|Any CPU
		{ED06940B-FB0A-4C07-BD1F-D2C9D7FA2E40}.Release|x64.ActiveCfg = Release|x64
		{ED06940B-FB0A-4C07-BD1F-D2C9D7FA2E40}.Release|x64.Build.0 = Release|x64
		{ED06940B-FB0A-4C07-BD1F-D2C9D7FA2E40}.Release|x86.ActiveCfg = Release|x86
		{ED06940B-FB0A-4C07-BD1F-D2C9D7FA2E40}.Release|x86.Build.0 = Release|x86
		{196F1A0F-94E3-49C0-8F8A-E786246BC2E8}.Debug|Any CPU.ActiveCfg = Debug|Any CPU
		{196F1A0F-94E3-49C0-8F8A-E786246BC2E8}.Debug|Any CPU.Build.0 = Debug|Any CPU
		{196F1A0F-94E3-49C0-8F8A-E786246BC2E8}.Debug|x64.ActiveCfg = Debug|x64
		{196F1A0F-94E3-49C0-8F8A-E786246BC2E8}.Debug|x64.Build.0 = Debug|x64
		{196F1A0F-94E3-49C0-8F8A-E786246BC2E8}.Debug|x86.ActiveCfg = Debug|x86
		{196F1A0F-94E3-49C0-8F8A-E786246BC2E8}.Debug|x86.Build.0 = Debug|x86
		{196F1A0F-94E3-49C0-8F8A-E786246BC2E8}.Release|Any CPU.ActiveCfg = Release|Any CPU
		{196F1A0F-94E3-49C0-8F8A-E786246BC2E8}.Release|Any CPU.Build.0 = Release|Any CPU
		{196F1A0F-94E3-49C0-8F8A-E786246BC2E8}.Release|x64.ActiveCfg = Release|x64
		{196F1A0F-94E3-49C0-8F8A-E786246BC2E8}.Release|x64.Build.0 = Release|x64
		{196F1A0F-94E3-49C0-8F8A-E786246BC2E8}.Release|x86.ActiveCfg = Release|x86
		{196F1A0F-94E3-49C0-8F8A-E786246BC2E8}.Release|x86.Build.0 = Release|x86
		{FD3409C2-BB56-468C-9621-A46568596629}.Debug|Any CPU.ActiveCfg = Debug|x64
		{FD3409C2-BB56-468C-9621-A46568596629}.Debug|Any CPU.Build.0 = Debug|x64
		{FD3409C2-BB56-468C-9621-A46568596629}.Debug|x64.ActiveCfg = Debug|x64
		{FD3409C2-BB56-468C-9621-A46568596629}.Debug|x64.Build.0 = Debug|x64
		{FD3409C2-BB56-468C-9621-A46568596629}.Debug|x86.ActiveCfg = Debug|x64
		{FD3409C2-BB56-468C-9621-A46568596629}.Release|Any CPU.ActiveCfg = Release|x64
		{FD3409C2-BB56-468C-9621-A46568596629}.Release|Any CPU.Build.0 = Release|x64
		{FD3409C2-BB56-468C-9621-A46568596629}.Release|x64.ActiveCfg = Release|x64
		{FD3409C2-BB56-468C-9621-A46568596629}.Release|x64.Build.0 = Release|x64
		{FD3409C2-BB56-468C-9621-A46568596629}.Release|x86.ActiveCfg = Release|x64
		{FD3409C2-BB56-468C-9621-A46568596629}.Release|x86.Build.0 = Release|x64
		{1D989EA4-4F20-46E5-B73A-88D3D07C1029}.Debug|Any CPU.ActiveCfg = Debug|Any CPU
		{1D989EA4-4F20-46E5-B73A-88D3D07C1029}.Debug|Any CPU.Build.0 = Debug|Any CPU
		{1D989EA4-4F20-46E5-B73A-88D3D07C1029}.Debug|x64.ActiveCfg = Debug|x64
		{1D989EA4-4F20-46E5-B73A-88D3D07C1029}.Debug|x64.Build.0 = Debug|x64
		{1D989EA4-4F20-46E5-B73A-88D3D07C1029}.Debug|x86.ActiveCfg = Debug|x86
		{1D989EA4-4F20-46E5-B73A-88D3D07C1029}.Debug|x86.Build.0 = Debug|x86
		{1D989EA4-4F20-46E5-B73A-88D3D07C1029}.Release|Any CPU.ActiveCfg = Release|Any CPU
		{1D989EA4-4F20-46E5-B73A-88D3D07C1029}.Release|Any CPU.Build.0 = Release|Any CPU
		{1D989EA4-4F20-46E5-B73A-88D3D07C1029}.Release|x64.ActiveCfg = Release|x64
		{1D989EA4-4F20-46E5-B73A-88D3D07C1029}.Release|x64.Build.0 = Release|x64
		{1D989EA4-4F20-46E5-B73A-88D3D07C1029}.Release|x86.ActiveCfg = Release|x86
		{1D989EA4-4F20-46E5-B73A-88D3D07C1029}.Release|x86.Build.0 = Release|x86
		{304D625F-9FFA-4757-B8D1-C747DE567461}.Debug|Any CPU.ActiveCfg = Debug|Any CPU
		{304D625F-9FFA-4757-B8D1-C747DE567461}.Debug|Any CPU.Build.0 = Debug|Any CPU
		{304D625F-9FFA-4757-B8D1-C747DE567461}.Debug|x64.ActiveCfg = Debug|x64
		{304D625F-9FFA-4757-B8D1-C747DE567461}.Debug|x64.Build.0 = Debug|x64
		{304D625F-9FFA-4757-B8D1-C747DE567461}.Debug|x86.ActiveCfg = Debug|x86
		{304D625F-9FFA-4757-B8D1-C747DE567461}.Debug|x86.Build.0 = Debug|x86
		{304D625F-9FFA-4757-B8D1-C747DE567461}.Release|Any CPU.ActiveCfg = Release|Any CPU
		{304D625F-9FFA-4757-B8D1-C747DE567461}.Release|Any CPU.Build.0 = Release|Any CPU
		{304D625F-9FFA-4757-B8D1-C747DE567461}.Release|x64.ActiveCfg = Release|x64
		{304D625F-9FFA-4757-B8D1-C747DE567461}.Release|x64.Build.0 = Release|x64
		{304D625F-9FFA-4757-B8D1-C747DE567461}.Release|x86.ActiveCfg = Release|x86
		{304D625F-9FFA-4757-B8D1-C747DE567461}.Release|x86.Build.0 = Release|x86
		{71FB4487-EB1E-4D4C-9683-5D89B4337703}.Debug|Any CPU.ActiveCfg = Debug|x64
		{71FB4487-EB1E-4D4C-9683-5D89B4337703}.Debug|Any CPU.Build.0 = Debug|x64
		{71FB4487-EB1E-4D4C-9683-5D89B4337703}.Debug|x64.ActiveCfg = Debug|x64
		{71FB4487-EB1E-4D4C-9683-5D89B4337703}.Debug|x64.Build.0 = Debug|x64
		{71FB4487-EB1E-4D4C-9683-5D89B4337703}.Debug|x86.ActiveCfg = Debug|x64
		{71FB4487-EB1E-4D4C-9683-5D89B4337703}.Release|Any CPU.ActiveCfg = Release|x64
		{71FB4487-EB1E-4D4C-9683-5D89B4337703}.Release|Any CPU.Build.0 = Release|x64
		{71FB4487-EB1E-4D4C-9683-5D89B4337703}.Release|x64.ActiveCfg = Release|x64
		{71FB4487-EB1E-4D4C-9683-5D89B4337703}.Release|x64.Build.0 = Release|x64
		{71FB4487-EB1E-4D4C-9683-5D89B4337703}.Release|x86.ActiveCfg = Release|x64
		{71FB4487-EB1E-4D4C-9683-5D89B4337703}.Release|x86.Build.0 = Release|x64
		{53BD7406-0C46-45CB-8DE7-0C1BB37C666A}.Debug|Any CPU.ActiveCfg = Debug|Any CPU
		{53BD7406-0C46-45CB-8DE7-0C1BB37C666A}.Debug|Any CPU.Build.0 = Debug|Any CPU
		{53BD7406-0C46-45CB-8DE7-0C1BB37C666A}.Debug|x64.ActiveCfg = Debug|x64
		{53BD7406-0C46-45CB-8DE7-0C1BB37C666A}.Debug|x64.Build.0 = Debug|x64
		{53BD7406-0C46-45CB-8DE7-0C1BB37C666A}.Debug|x86.ActiveCfg = Debug|x86
		{53BD7406-0C46-45CB-8DE7-0C1BB37C666A}.Debug|x86.Build.0 = Debug|x86
		{53BD7406-0C46-45CB-8DE7-0C1BB37C666A}.Release|Any CPU.ActiveCfg = Release|Any CPU
		{53BD7406-0C46-45CB-8DE7-0C1BB37C666A}.Release|Any CPU.Build.0 = Release|Any CPU
		{53BD7406-0C46-45CB-8DE7-0C1BB37C666A}.Release|x64.ActiveCfg = Release|x64
		{53BD7406-0C46-45CB-8DE7-0C1BB37C666A}.Release|x64.Build.0 = Release|x64
		{53BD7406-0C46-45CB-8DE7-0C1BB37C666A}.Release|x86.ActiveCfg = Release|x86
		{53BD7406-0C46-45CB-8DE7-0C1BB37C666A}.Release|x86.Build.0 = Release|x86
		{51B1DAB4-F219-4E8A-A28F-9EED7075545E}.Debug|Any CPU.ActiveCfg = Debug|Any CPU
		{51B1DAB4-F219-4E8A-A28F-9EED7075545E}.Debug|Any CPU.Build.0 = Debug|Any CPU
		{51B1DAB4-F219-4E8A-A28F-9EED7075545E}.Debug|x64.ActiveCfg = Debug|x64
		{51B1DAB4-F219-4E8A-A28F-9EED7075545E}.Debug|x64.Build.0 = Debug|x64
		{51B1DAB4-F219-4E8A-A28F-9EED7075545E}.Debug|x86.ActiveCfg = Debug|x86
		{51B1DAB4-F219-4E8A-A28F-9EED7075545E}.Debug|x86.Build.0 = Debug|x86
		{51B1DAB4-F219-4E8A-A28F-9EED7075545E}.Release|Any CPU.ActiveCfg = Release|Any CPU
		{51B1DAB4-F219-4E8A-A28F-9EED7075545E}.Release|Any CPU.Build.0 = Release|Any CPU
		{51B1DAB4-F219-4E8A-A28F-9EED7075545E}.Release|x64.ActiveCfg = Release|x64
		{51B1DAB4-F219-4E8A-A28F-9EED7075545E}.Release|x64.Build.0 = Release|x64
		{51B1DAB4-F219-4E8A-A28F-9EED7075545E}.Release|x86.ActiveCfg = Release|x86
		{51B1DAB4-F219-4E8A-A28F-9EED7075545E}.Release|x86.Build.0 = Release|x86
		{A3D863B0-DCF6-4D59-AEB3-FDB53FEB4E50}.Debug|Any CPU.ActiveCfg = Debug|Any CPU
		{A3D863B0-DCF6-4D59-AEB3-FDB53FEB4E50}.Debug|Any CPU.Build.0 = Debug|Any CPU
		{A3D863B0-DCF6-4D59-AEB3-FDB53FEB4E50}.Debug|x64.ActiveCfg = Debug|x64
		{A3D863B0-DCF6-4D59-AEB3-FDB53FEB4E50}.Debug|x64.Build.0 = Debug|x64
		{A3D863B0-DCF6-4D59-AEB3-FDB53FEB4E50}.Debug|x86.ActiveCfg = Debug|x86
		{A3D863B0-DCF6-4D59-AEB3-FDB53FEB4E50}.Debug|x86.Build.0 = Debug|x86
		{A3D863B0-DCF6-4D59-AEB3-FDB53FEB4E50}.Release|Any CPU.ActiveCfg = Release|Any CPU
		{A3D863B0-DCF6-4D59-AEB3-FDB53FEB4E50}.Release|Any CPU.Build.0 = Release|Any CPU
		{A3D863B0-DCF6-4D59-AEB3-FDB53FEB4E50}.Release|x64.ActiveCfg = Release|x64
		{A3D863B0-DCF6-4D59-AEB3-FDB53FEB4E50}.Release|x64.Build.0 = Release|x64
		{A3D863B0-DCF6-4D59-AEB3-FDB53FEB4E50}.Release|x86.ActiveCfg = Release|x86
		{A3D863B0-DCF6-4D59-AEB3-FDB53FEB4E50}.Release|x86.Build.0 = Release|x86
		{D70EFE3F-CF68-4D56-A16E-061C6E3A8487}.Debug|Any CPU.ActiveCfg = Debug|Any CPU
		{D70EFE3F-CF68-4D56-A16E-061C6E3A8487}.Debug|Any CPU.Build.0 = Debug|Any CPU
		{D70EFE3F-CF68-4D56-A16E-061C6E3A8487}.Debug|x64.ActiveCfg = Debug|x64
		{D70EFE3F-CF68-4D56-A16E-061C6E3A8487}.Debug|x64.Build.0 = Debug|x64
		{D70EFE3F-CF68-4D56-A16E-061C6E3A8487}.Debug|x86.ActiveCfg = Debug|x86
		{D70EFE3F-CF68-4D56-A16E-061C6E3A8487}.Debug|x86.Build.0 = Debug|x86
		{D70EFE3F-CF68-4D56-A16E-061C6E3A8487}.Release|Any CPU.ActiveCfg = Release|Any CPU
		{D70EFE3F-CF68-4D56-A16E-061C6E3A8487}.Release|Any CPU.Build.0 = Release|Any CPU
		{D70EFE3F-CF68-4D56-A16E-061C6E3A8487}.Release|x64.ActiveCfg = Release|x64
		{D70EFE3F-CF68-4D56-A16E-061C6E3A8487}.Release|x64.Build.0 = Release|x64
		{D70EFE3F-CF68-4D56-A16E-061C6E3A8487}.Release|x86.ActiveCfg = Release|x86
		{D70EFE3F-CF68-4D56-A16E-061C6E3A8487}.Release|x86.Build.0 = Release|x86
		{874D5C53-C25F-445A-867C-D0E7917E2947}.Debug|Any CPU.ActiveCfg = Debug|x64
		{874D5C53-C25F-445A-867C-D0E7917E2947}.Debug|Any CPU.Build.0 = Debug|x64
		{874D5C53-C25F-445A-867C-D0E7917E2947}.Debug|x64.ActiveCfg = Debug|x64
		{874D5C53-C25F-445A-867C-D0E7917E2947}.Debug|x64.Build.0 = Debug|x64
		{874D5C53-C25F-445A-867C-D0E7917E2947}.Debug|x86.ActiveCfg = Debug|x64
		{874D5C53-C25F-445A-867C-D0E7917E2947}.Release|Any CPU.ActiveCfg = Release|x64
		{874D5C53-C25F-445A-867C-D0E7917E2947}.Release|Any CPU.Build.0 = Release|x64
		{874D5C53-C25F-445A-867C-D0E7917E2947}.Release|x64.ActiveCfg = Release|x64
		{874D5C53-C25F-445A-867C-D0E7917E2947}.Release|x64.Build.0 = Release|x64
		{874D5C53-C25F-445A-867C-D0E7917E2947}.Release|x86.ActiveCfg = Release|x64
		{874D5C53-C25F-445A-867C-D0E7917E2947}.Release|x86.Build.0 = Release|x64
		{5898D7A9-5404-4400-99B6-196A81FB67E7}.Debug|Any CPU.ActiveCfg = Debug|Any CPU
		{5898D7A9-5404-4400-99B6-196A81FB67E7}.Debug|Any CPU.Build.0 = Debug|Any CPU
		{5898D7A9-5404-4400-99B6-196A81FB67E7}.Debug|x64.ActiveCfg = Debug|x64
		{5898D7A9-5404-4400-99B6-196A81FB67E7}.Debug|x64.Build.0 = Debug|x64
		{5898D7A9-5404-4400-99B6-196A81FB67E7}.Debug|x86.ActiveCfg = Debug|x86
		{5898D7A9-5404-4400-99B6-196A81FB67E7}.Debug|x86.Build.0 = Debug|x86
		{5898D7A9-5404-4400-99B6-196A81FB67E7}.Release|Any CPU.ActiveCfg = Release|Any CPU
		{5898D7A9-5404-4400-99B6-196A81FB67E7}.Release|Any CPU.Build.0 = Release|Any CPU
		{5898D7A9-5404-4400-99B6-196A81FB67E7}.Release|x64.ActiveCfg = Release|x64
		{5898D7A9-5404-4400-99B6-196A81FB67E7}.Release|x64.Build.0 = Release|x64
		{5898D7A9-5404-4400-99B6-196A81FB67E7}.Release|x86.ActiveCfg = Release|x86
		{5898D7A9-5404-4400-99B6-196A81FB67E7}.Release|x86.Build.0 = Release|x86
		{D4B6570C-AE5B-407A-9451-DF3BC05DB285}.Debug|Any CPU.ActiveCfg = Debug|Any CPU
		{D4B6570C-AE5B-407A-9451-DF3BC05DB285}.Debug|Any CPU.Build.0 = Debug|Any CPU
		{D4B6570C-AE5B-407A-9451-DF3BC05DB285}.Debug|x64.ActiveCfg = Debug|x64
		{D4B6570C-AE5B-407A-9451-DF3BC05DB285}.Debug|x64.Build.0 = Debug|x64
		{D4B6570C-AE5B-407A-9451-DF3BC05DB285}.Debug|x86.ActiveCfg = Debug|x86
		{D4B6570C-AE5B-407A-9451-DF3BC05DB285}.Debug|x86.Build.0 = Debug|x86
		{D4B6570C-AE5B-407A-9451-DF3BC05DB285}.Release|Any CPU.ActiveCfg = Release|Any CPU
		{D4B6570C-AE5B-407A-9451-DF3BC05DB285}.Release|Any CPU.Build.0 = Release|Any CPU
		{D4B6570C-AE5B-407A-9451-DF3BC05DB285}.Release|x64.ActiveCfg = Release|x64
		{D4B6570C-AE5B-407A-9451-DF3BC05DB285}.Release|x64.Build.0 = Release|x64
		{D4B6570C-AE5B-407A-9451-DF3BC05DB285}.Release|x86.ActiveCfg = Release|x86
		{D4B6570C-AE5B-407A-9451-DF3BC05DB285}.Release|x86.Build.0 = Release|x86
		{3DFA0A1D-90C2-4425-A68F-C81126E86D95}.Debug|Any CPU.ActiveCfg = Debug|Any CPU
		{3DFA0A1D-90C2-4425-A68F-C81126E86D95}.Debug|Any CPU.Build.0 = Debug|Any CPU
		{3DFA0A1D-90C2-4425-A68F-C81126E86D95}.Debug|x64.ActiveCfg = Debug|x64
		{3DFA0A1D-90C2-4425-A68F-C81126E86D95}.Debug|x64.Build.0 = Debug|x64
		{3DFA0A1D-90C2-4425-A68F-C81126E86D95}.Debug|x86.ActiveCfg = Debug|x86
		{3DFA0A1D-90C2-4425-A68F-C81126E86D95}.Debug|x86.Build.0 = Debug|x86
		{3DFA0A1D-90C2-4425-A68F-C81126E86D95}.Release|Any CPU.ActiveCfg = Release|Any CPU
		{3DFA0A1D-90C2-4425-A68F-C81126E86D95}.Release|Any CPU.Build.0 = Release|Any CPU
		{3DFA0A1D-90C2-4425-A68F-C81126E86D95}.Release|x64.ActiveCfg = Release|x64
		{3DFA0A1D-90C2-4425-A68F-C81126E86D95}.Release|x64.Build.0 = Release|x64
		{3DFA0A1D-90C2-4425-A68F-C81126E86D95}.Release|x86.ActiveCfg = Release|x86
		{3DFA0A1D-90C2-4425-A68F-C81126E86D95}.Release|x86.Build.0 = Release|x86
		{C1278F4B-64A1-4F5B-9C26-E116C15C7AB4}.Debug|Any CPU.ActiveCfg = Debug|Any CPU
		{C1278F4B-64A1-4F5B-9C26-E116C15C7AB4}.Debug|Any CPU.Build.0 = Debug|Any CPU
		{C1278F4B-64A1-4F5B-9C26-E116C15C7AB4}.Debug|x64.ActiveCfg = Debug|x64
		{C1278F4B-64A1-4F5B-9C26-E116C15C7AB4}.Debug|x64.Build.0 = Debug|x64
		{C1278F4B-64A1-4F5B-9C26-E116C15C7AB4}.Debug|x86.ActiveCfg = Debug|x86
		{C1278F4B-64A1-4F5B-9C26-E116C15C7AB4}.Debug|x86.Build.0 = Debug|x86
		{C1278F4B-64A1-4F5B-9C26-E116C15C7AB4}.Release|Any CPU.ActiveCfg = Release|Any CPU
		{C1278F4B-64A1-4F5B-9C26-E116C15C7AB4}.Release|Any CPU.Build.0 = Release|Any CPU
		{C1278F4B-64A1-4F5B-9C26-E116C15C7AB4}.Release|x64.ActiveCfg = Release|x64
		{C1278F4B-64A1-4F5B-9C26-E116C15C7AB4}.Release|x64.Build.0 = Release|x64
		{C1278F4B-64A1-4F5B-9C26-E116C15C7AB4}.Release|x86.ActiveCfg = Release|x86
		{C1278F4B-64A1-4F5B-9C26-E116C15C7AB4}.Release|x86.Build.0 = Release|x86
		{E269B9E0-F50E-4252-87B6-0488DC29E835}.Debug|Any CPU.ActiveCfg = Debug|Any CPU
		{E269B9E0-F50E-4252-87B6-0488DC29E835}.Debug|Any CPU.Build.0 = Debug|Any CPU
		{E269B9E0-F50E-4252-87B6-0488DC29E835}.Debug|x64.ActiveCfg = Debug|x64
		{E269B9E0-F50E-4252-87B6-0488DC29E835}.Debug|x64.Build.0 = Debug|x64
		{E269B9E0-F50E-4252-87B6-0488DC29E835}.Debug|x86.ActiveCfg = Debug|x86
		{E269B9E0-F50E-4252-87B6-0488DC29E835}.Debug|x86.Build.0 = Debug|x86
		{E269B9E0-F50E-4252-87B6-0488DC29E835}.Release|Any CPU.ActiveCfg = Release|Any CPU
		{E269B9E0-F50E-4252-87B6-0488DC29E835}.Release|Any CPU.Build.0 = Release|Any CPU
		{E269B9E0-F50E-4252-87B6-0488DC29E835}.Release|x64.ActiveCfg = Release|x64
		{E269B9E0-F50E-4252-87B6-0488DC29E835}.Release|x64.Build.0 = Release|x64
		{E269B9E0-F50E-4252-87B6-0488DC29E835}.Release|x86.ActiveCfg = Release|x86
		{E269B9E0-F50E-4252-87B6-0488DC29E835}.Release|x86.Build.0 = Release|x86
		{234CBA6D-1CFC-446C-B4DF-7F094C3DF321}.Debug|Any CPU.ActiveCfg = Debug|Any CPU
		{234CBA6D-1CFC-446C-B4DF-7F094C3DF321}.Debug|Any CPU.Build.0 = Debug|Any CPU
		{234CBA6D-1CFC-446C-B4DF-7F094C3DF321}.Debug|x64.ActiveCfg = Debug|x64
		{234CBA6D-1CFC-446C-B4DF-7F094C3DF321}.Debug|x64.Build.0 = Debug|x64
		{234CBA6D-1CFC-446C-B4DF-7F094C3DF321}.Debug|x86.ActiveCfg = Debug|x86
		{234CBA6D-1CFC-446C-B4DF-7F094C3DF321}.Debug|x86.Build.0 = Debug|x86
		{234CBA6D-1CFC-446C-B4DF-7F094C3DF321}.Release|Any CPU.ActiveCfg = Release|Any CPU
		{234CBA6D-1CFC-446C-B4DF-7F094C3DF321}.Release|Any CPU.Build.0 = Release|Any CPU
		{234CBA6D-1CFC-446C-B4DF-7F094C3DF321}.Release|x64.ActiveCfg = Release|x64
		{234CBA6D-1CFC-446C-B4DF-7F094C3DF321}.Release|x64.Build.0 = Release|x64
		{234CBA6D-1CFC-446C-B4DF-7F094C3DF321}.Release|x86.ActiveCfg = Release|x86
		{234CBA6D-1CFC-446C-B4DF-7F094C3DF321}.Release|x86.Build.0 = Release|x86
		{122D5A61-A56B-4B9C-9BA5-FA6CEBA277D2}.Debug|Any CPU.ActiveCfg = Debug|Any CPU
		{122D5A61-A56B-4B9C-9BA5-FA6CEBA277D2}.Debug|Any CPU.Build.0 = Debug|Any CPU
		{122D5A61-A56B-4B9C-9BA5-FA6CEBA277D2}.Debug|x64.ActiveCfg = Debug|x64
		{122D5A61-A56B-4B9C-9BA5-FA6CEBA277D2}.Debug|x64.Build.0 = Debug|x64
		{122D5A61-A56B-4B9C-9BA5-FA6CEBA277D2}.Debug|x86.ActiveCfg = Debug|x86
		{122D5A61-A56B-4B9C-9BA5-FA6CEBA277D2}.Debug|x86.Build.0 = Debug|x86
		{122D5A61-A56B-4B9C-9BA5-FA6CEBA277D2}.Release|Any CPU.ActiveCfg = Release|Any CPU
		{122D5A61-A56B-4B9C-9BA5-FA6CEBA277D2}.Release|Any CPU.Build.0 = Release|Any CPU
		{122D5A61-A56B-4B9C-9BA5-FA6CEBA277D2}.Release|x64.ActiveCfg = Release|x64
		{122D5A61-A56B-4B9C-9BA5-FA6CEBA277D2}.Release|x64.Build.0 = Release|x64
		{122D5A61-A56B-4B9C-9BA5-FA6CEBA277D2}.Release|x86.ActiveCfg = Release|x86
		{122D5A61-A56B-4B9C-9BA5-FA6CEBA277D2}.Release|x86.Build.0 = Release|x86
		{556C9676-4B8A-4ACD-B114-5B1C75C8F0A5}.Debug|Any CPU.ActiveCfg = Debug|Any CPU
		{556C9676-4B8A-4ACD-B114-5B1C75C8F0A5}.Debug|Any CPU.Build.0 = Debug|Any CPU
		{556C9676-4B8A-4ACD-B114-5B1C75C8F0A5}.Debug|x64.ActiveCfg = Debug|x64
		{556C9676-4B8A-4ACD-B114-5B1C75C8F0A5}.Debug|x64.Build.0 = Debug|x64
		{556C9676-4B8A-4ACD-B114-5B1C75C8F0A5}.Debug|x86.ActiveCfg = Debug|x86
		{556C9676-4B8A-4ACD-B114-5B1C75C8F0A5}.Debug|x86.Build.0 = Debug|x86
		{556C9676-4B8A-4ACD-B114-5B1C75C8F0A5}.Release|Any CPU.ActiveCfg = Release|Any CPU
		{556C9676-4B8A-4ACD-B114-5B1C75C8F0A5}.Release|Any CPU.Build.0 = Release|Any CPU
		{556C9676-4B8A-4ACD-B114-5B1C75C8F0A5}.Release|x64.ActiveCfg = Release|x64
		{556C9676-4B8A-4ACD-B114-5B1C75C8F0A5}.Release|x64.Build.0 = Release|x64
		{556C9676-4B8A-4ACD-B114-5B1C75C8F0A5}.Release|x86.ActiveCfg = Release|x86
		{556C9676-4B8A-4ACD-B114-5B1C75C8F0A5}.Release|x86.Build.0 = Release|x86
		{7AE07585-C2B9-435B-8355-EA069AFDDEB1}.Debug|Any CPU.ActiveCfg = Debug|Any CPU
		{7AE07585-C2B9-435B-8355-EA069AFDDEB1}.Debug|Any CPU.Build.0 = Debug|Any CPU
		{7AE07585-C2B9-435B-8355-EA069AFDDEB1}.Debug|x64.ActiveCfg = Debug|x64
		{7AE07585-C2B9-435B-8355-EA069AFDDEB1}.Debug|x64.Build.0 = Debug|x64
		{7AE07585-C2B9-435B-8355-EA069AFDDEB1}.Debug|x86.ActiveCfg = Debug|x86
		{7AE07585-C2B9-435B-8355-EA069AFDDEB1}.Debug|x86.Build.0 = Debug|x86
		{7AE07585-C2B9-435B-8355-EA069AFDDEB1}.Release|Any CPU.ActiveCfg = Release|Any CPU
		{7AE07585-C2B9-435B-8355-EA069AFDDEB1}.Release|Any CPU.Build.0 = Release|Any CPU
		{7AE07585-C2B9-435B-8355-EA069AFDDEB1}.Release|x64.ActiveCfg = Release|x64
		{7AE07585-C2B9-435B-8355-EA069AFDDEB1}.Release|x64.Build.0 = Release|x64
		{7AE07585-C2B9-435B-8355-EA069AFDDEB1}.Release|x86.ActiveCfg = Release|x86
		{7AE07585-C2B9-435B-8355-EA069AFDDEB1}.Release|x86.Build.0 = Release|x86
		{D78A76F4-55B2-4146-B1A6-2D84CB7ED7F1}.Debug|Any CPU.ActiveCfg = Debug|Any CPU
		{D78A76F4-55B2-4146-B1A6-2D84CB7ED7F1}.Debug|Any CPU.Build.0 = Debug|Any CPU
		{D78A76F4-55B2-4146-B1A6-2D84CB7ED7F1}.Debug|x64.ActiveCfg = Debug|x64
		{D78A76F4-55B2-4146-B1A6-2D84CB7ED7F1}.Debug|x64.Build.0 = Debug|x64
		{D78A76F4-55B2-4146-B1A6-2D84CB7ED7F1}.Debug|x86.ActiveCfg = Debug|x86
		{D78A76F4-55B2-4146-B1A6-2D84CB7ED7F1}.Debug|x86.Build.0 = Debug|x86
		{D78A76F4-55B2-4146-B1A6-2D84CB7ED7F1}.Release|Any CPU.ActiveCfg = Release|Any CPU
		{D78A76F4-55B2-4146-B1A6-2D84CB7ED7F1}.Release|Any CPU.Build.0 = Release|Any CPU
		{D78A76F4-55B2-4146-B1A6-2D84CB7ED7F1}.Release|x64.ActiveCfg = Release|x64
		{D78A76F4-55B2-4146-B1A6-2D84CB7ED7F1}.Release|x64.Build.0 = Release|x64
		{D78A76F4-55B2-4146-B1A6-2D84CB7ED7F1}.Release|x86.ActiveCfg = Release|x86
		{D78A76F4-55B2-4146-B1A6-2D84CB7ED7F1}.Release|x86.Build.0 = Release|x86
		{FE32FAAF-8E25-47A9-8A7D-CF34BAF424FB}.Debug|Any CPU.ActiveCfg = Debug|Any CPU
		{FE32FAAF-8E25-47A9-8A7D-CF34BAF424FB}.Debug|Any CPU.Build.0 = Debug|Any CPU
		{FE32FAAF-8E25-47A9-8A7D-CF34BAF424FB}.Debug|x64.ActiveCfg = Debug|x64
		{FE32FAAF-8E25-47A9-8A7D-CF34BAF424FB}.Debug|x64.Build.0 = Debug|x64
		{FE32FAAF-8E25-47A9-8A7D-CF34BAF424FB}.Debug|x86.ActiveCfg = Debug|x86
		{FE32FAAF-8E25-47A9-8A7D-CF34BAF424FB}.Debug|x86.Build.0 = Debug|x86
		{FE32FAAF-8E25-47A9-8A7D-CF34BAF424FB}.Release|Any CPU.ActiveCfg = Release|Any CPU
		{FE32FAAF-8E25-47A9-8A7D-CF34BAF424FB}.Release|Any CPU.Build.0 = Release|Any CPU
		{FE32FAAF-8E25-47A9-8A7D-CF34BAF424FB}.Release|x64.ActiveCfg = Release|x64
		{FE32FAAF-8E25-47A9-8A7D-CF34BAF424FB}.Release|x64.Build.0 = Release|x64
		{FE32FAAF-8E25-47A9-8A7D-CF34BAF424FB}.Release|x86.ActiveCfg = Release|x86
		{FE32FAAF-8E25-47A9-8A7D-CF34BAF424FB}.Release|x86.Build.0 = Release|x86
		{87BCC928-2E60-40DD-B78A-14C0226E68A6}.Debug|Any CPU.ActiveCfg = Debug|Any CPU
		{87BCC928-2E60-40DD-B78A-14C0226E68A6}.Debug|Any CPU.Build.0 = Debug|Any CPU
		{87BCC928-2E60-40DD-B78A-14C0226E68A6}.Debug|x64.ActiveCfg = Debug|x64
		{87BCC928-2E60-40DD-B78A-14C0226E68A6}.Debug|x64.Build.0 = Debug|x64
		{87BCC928-2E60-40DD-B78A-14C0226E68A6}.Debug|x86.ActiveCfg = Debug|x86
		{87BCC928-2E60-40DD-B78A-14C0226E68A6}.Debug|x86.Build.0 = Debug|x86
		{87BCC928-2E60-40DD-B78A-14C0226E68A6}.Release|Any CPU.ActiveCfg = Release|Any CPU
		{87BCC928-2E60-40DD-B78A-14C0226E68A6}.Release|Any CPU.Build.0 = Release|Any CPU
		{87BCC928-2E60-40DD-B78A-14C0226E68A6}.Release|x64.ActiveCfg = Release|x64
		{87BCC928-2E60-40DD-B78A-14C0226E68A6}.Release|x64.Build.0 = Release|x64
		{87BCC928-2E60-40DD-B78A-14C0226E68A6}.Release|x86.ActiveCfg = Release|x86
		{87BCC928-2E60-40DD-B78A-14C0226E68A6}.Release|x86.Build.0 = Release|x86
		{6880253E-9C1C-40CC-AC30-DC052C283588}.Debug|Any CPU.ActiveCfg = Debug|Any CPU
		{6880253E-9C1C-40CC-AC30-DC052C283588}.Debug|Any CPU.Build.0 = Debug|Any CPU
		{6880253E-9C1C-40CC-AC30-DC052C283588}.Debug|x64.ActiveCfg = Debug|Any CPU
		{6880253E-9C1C-40CC-AC30-DC052C283588}.Debug|x64.Build.0 = Debug|Any CPU
		{6880253E-9C1C-40CC-AC30-DC052C283588}.Debug|x86.ActiveCfg = Debug|Any CPU
		{6880253E-9C1C-40CC-AC30-DC052C283588}.Debug|x86.Build.0 = Debug|Any CPU
		{6880253E-9C1C-40CC-AC30-DC052C283588}.Release|Any CPU.ActiveCfg = Release|Any CPU
		{6880253E-9C1C-40CC-AC30-DC052C283588}.Release|Any CPU.Build.0 = Release|Any CPU
		{6880253E-9C1C-40CC-AC30-DC052C283588}.Release|x64.ActiveCfg = Release|Any CPU
		{6880253E-9C1C-40CC-AC30-DC052C283588}.Release|x64.Build.0 = Release|Any CPU
		{6880253E-9C1C-40CC-AC30-DC052C283588}.Release|x86.ActiveCfg = Release|Any CPU
		{6880253E-9C1C-40CC-AC30-DC052C283588}.Release|x86.Build.0 = Release|Any CPU
		{C9FD3598-2DE6-486F-8163-4FBFF5317922}.Debug|Any CPU.ActiveCfg = Debug|Any CPU
		{C9FD3598-2DE6-486F-8163-4FBFF5317922}.Debug|Any CPU.Build.0 = Debug|Any CPU
		{C9FD3598-2DE6-486F-8163-4FBFF5317922}.Debug|x64.ActiveCfg = Debug|Any CPU
		{C9FD3598-2DE6-486F-8163-4FBFF5317922}.Debug|x64.Build.0 = Debug|Any CPU
		{C9FD3598-2DE6-486F-8163-4FBFF5317922}.Debug|x86.ActiveCfg = Debug|Any CPU
		{C9FD3598-2DE6-486F-8163-4FBFF5317922}.Debug|x86.Build.0 = Debug|Any CPU
		{C9FD3598-2DE6-486F-8163-4FBFF5317922}.Release|Any CPU.ActiveCfg = Release|Any CPU
		{C9FD3598-2DE6-486F-8163-4FBFF5317922}.Release|Any CPU.Build.0 = Release|Any CPU
		{C9FD3598-2DE6-486F-8163-4FBFF5317922}.Release|x64.ActiveCfg = Release|Any CPU
		{C9FD3598-2DE6-486F-8163-4FBFF5317922}.Release|x64.Build.0 = Release|Any CPU
		{C9FD3598-2DE6-486F-8163-4FBFF5317922}.Release|x86.ActiveCfg = Release|Any CPU
		{C9FD3598-2DE6-486F-8163-4FBFF5317922}.Release|x86.Build.0 = Release|Any CPU
		{A28A2FA2-BBAB-4DDF-A935-A10E10D7AD74}.Debug|Any CPU.ActiveCfg = Debug|Any CPU
		{A28A2FA2-BBAB-4DDF-A935-A10E10D7AD74}.Debug|Any CPU.Build.0 = Debug|Any CPU
		{A28A2FA2-BBAB-4DDF-A935-A10E10D7AD74}.Debug|x64.ActiveCfg = Debug|x64
		{A28A2FA2-BBAB-4DDF-A935-A10E10D7AD74}.Debug|x64.Build.0 = Debug|x64
		{A28A2FA2-BBAB-4DDF-A935-A10E10D7AD74}.Debug|x86.ActiveCfg = Debug|x86
		{A28A2FA2-BBAB-4DDF-A935-A10E10D7AD74}.Debug|x86.Build.0 = Debug|x86
		{A28A2FA2-BBAB-4DDF-A935-A10E10D7AD74}.Release|Any CPU.ActiveCfg = Release|Any CPU
		{A28A2FA2-BBAB-4DDF-A935-A10E10D7AD74}.Release|Any CPU.Build.0 = Release|Any CPU
		{A28A2FA2-BBAB-4DDF-A935-A10E10D7AD74}.Release|x64.ActiveCfg = Release|x64
		{A28A2FA2-BBAB-4DDF-A935-A10E10D7AD74}.Release|x64.Build.0 = Release|x64
		{A28A2FA2-BBAB-4DDF-A935-A10E10D7AD74}.Release|x86.ActiveCfg = Release|x86
		{A28A2FA2-BBAB-4DDF-A935-A10E10D7AD74}.Release|x86.Build.0 = Release|x86
		{9E3C5847-1A8D-4711-A122-7DD6D7FB29EA}.Debug|Any CPU.ActiveCfg = Debug|Any CPU
		{9E3C5847-1A8D-4711-A122-7DD6D7FB29EA}.Debug|Any CPU.Build.0 = Debug|Any CPU
		{9E3C5847-1A8D-4711-A122-7DD6D7FB29EA}.Debug|x64.ActiveCfg = Debug|Any CPU
		{9E3C5847-1A8D-4711-A122-7DD6D7FB29EA}.Debug|x64.Build.0 = Debug|Any CPU
		{9E3C5847-1A8D-4711-A122-7DD6D7FB29EA}.Debug|x86.ActiveCfg = Debug|Any CPU
		{9E3C5847-1A8D-4711-A122-7DD6D7FB29EA}.Debug|x86.Build.0 = Debug|Any CPU
		{9E3C5847-1A8D-4711-A122-7DD6D7FB29EA}.Release|Any CPU.ActiveCfg = Release|Any CPU
		{9E3C5847-1A8D-4711-A122-7DD6D7FB29EA}.Release|Any CPU.Build.0 = Release|Any CPU
		{9E3C5847-1A8D-4711-A122-7DD6D7FB29EA}.Release|x64.ActiveCfg = Release|Any CPU
		{9E3C5847-1A8D-4711-A122-7DD6D7FB29EA}.Release|x64.Build.0 = Release|Any CPU
		{9E3C5847-1A8D-4711-A122-7DD6D7FB29EA}.Release|x86.ActiveCfg = Release|Any CPU
		{9E3C5847-1A8D-4711-A122-7DD6D7FB29EA}.Release|x86.Build.0 = Release|Any CPU
	EndGlobalSection
	GlobalSection(SolutionProperties) = preSolution
		HideSolutionNode = FALSE
	EndGlobalSection
	GlobalSection(NestedProjects) = preSolution
		{ED06940B-FB0A-4C07-BD1F-D2C9D7FA2E40} = {044EAEC9-56BB-478A-9EE4-3BE42CED3F00}
		{196F1A0F-94E3-49C0-8F8A-E786246BC2E8} = {044EAEC9-56BB-478A-9EE4-3BE42CED3F00}
		{FD3409C2-BB56-468C-9621-A46568596629} = {044EAEC9-56BB-478A-9EE4-3BE42CED3F00}
		{1D989EA4-4F20-46E5-B73A-88D3D07C1029} = {044EAEC9-56BB-478A-9EE4-3BE42CED3F00}
		{304D625F-9FFA-4757-B8D1-C747DE567461} = {95A85529-F645-4CA9-A6EB-8A4BFF4BEC51}
		{71FB4487-EB1E-4D4C-9683-5D89B4337703} = {95A85529-F645-4CA9-A6EB-8A4BFF4BEC51}
		{53BD7406-0C46-45CB-8DE7-0C1BB37C666A} = {95A85529-F645-4CA9-A6EB-8A4BFF4BEC51}
		{51B1DAB4-F219-4E8A-A28F-9EED7075545E} = {28BE13EC-EF25-4F73-A625-8AE7FB1F0473}
		{A3D863B0-DCF6-4D59-AEB3-FDB53FEB4E50} = {28BE13EC-EF25-4F73-A625-8AE7FB1F0473}
		{D70EFE3F-CF68-4D56-A16E-061C6E3A8487} = {28BE13EC-EF25-4F73-A625-8AE7FB1F0473}
		{874D5C53-C25F-445A-867C-D0E7917E2947} = {28BE13EC-EF25-4F73-A625-8AE7FB1F0473}
		{C1278F4B-64A1-4F5B-9C26-E116C15C7AB4} = {AD88D4F3-F473-4C19-8928-AD0566EB1516}
		{D78A76F4-55B2-4146-B1A6-2D84CB7ED7F1} = {AD88D4F3-F473-4C19-8928-AD0566EB1516}
		{FE32FAAF-8E25-47A9-8A7D-CF34BAF424FB} = {AD88D4F3-F473-4C19-8928-AD0566EB1516}
		{87BCC928-2E60-40DD-B78A-14C0226E68A6} = {AD88D4F3-F473-4C19-8928-AD0566EB1516}
		{A28A2FA2-BBAB-4DDF-A935-A10E10D7AD74} = {83F82D96-9FBC-4152-BF68-6A51524E0D05}
		{9E3C5847-1A8D-4711-A122-7DD6D7FB29EA} = {83F82D96-9FBC-4152-BF68-6A51524E0D05}
	EndGlobalSection
EndGlobal
